
Microsoft Visual Studio Solution File, Format Version 12.00
# Visual Studio Version 17
VisualStudioVersion = 17.4.33213.308
MinimumVisualStudioVersion = 10.0.40219.1
Project("{9A19103F-16F7-4668-BE54-9A1E7A4F7556}") = "Bookstore", "Bookstore\Bookstore.csproj", "{655B9330-F1A2-4759-99A7-BC08734BEB8B}"
EndProject
Global
	GlobalSection(SolutionConfigurationPlatforms) = preSolution
		Debug|Any CPU = Debug|Any CPU
		Release|Any CPU = Release|Any CPU
	EndGlobalSection
	GlobalSection(ProjectConfigurationPlatforms) = postSolution
		{655B9330-F1A2-4759-99A7-BC08734BEB8B}.Debug|Any CPU.ActiveCfg = Debug|Any CPU
		{655B9330-F1A2-4759-99A7-BC08734BEB8B}.Debug|Any CPU.Build.0 = Debug|Any CPU
		{655B9330-F1A2-4759-99A7-BC08734BEB8B}.Release|Any CPU.ActiveCfg = Release|Any CPU
		{655B9330-F1A2-4759-99A7-BC08734BEB8B}.Release|Any CPU.Build.0 = Release|Any CPU
	EndGlobalSection
	GlobalSection(SolutionProperties) = preSolution
		HideSolutionNode = FALSE
	EndGlobalSection
	GlobalSection(ExtensibilityGlobals) = postSolution
		SolutionGuid = {05BC9FEE-FC17-4592-A954-399A1B9F7441}
	EndGlobalSection
EndGlobal
